
Microsoft Visual Studio Solution File, Format Version 12.00
# Visual Studio Version 16
VisualStudioVersion = 16.0.31321.278
MinimumVisualStudioVersion = 10.0.40219.1
Project("{FAE04EC0-301F-11D3-BF4B-00C04F79EFBC}") = "DynamoDB", "DynamoDB.csproj", "{0367D203-6A44-4C0C-BF3A-093A52DBC4FC}"
EndProject
Global
	GlobalSection(SolutionConfigurationPlatforms) = preSolution
		Debug|Any CPU = Debug|Any CPU
		Release|Any CPU = Release|Any CPU
	EndGlobalSection
	GlobalSection(ProjectConfigurationPlatforms) = postSolution
		{0367D203-6A44-4C0C-BF3A-093A52DBC4FC}.Debug|Any CPU.ActiveCfg = Debug|Any CPU
		{0367D203-6A44-4C0C-BF3A-093A52DBC4FC}.Debug|Any CPU.Build.0 = Debug|Any CPU
		{0367D203-6A44-4C0C-BF3A-093A52DBC4FC}.Release|Any CPU.ActiveCfg = Release|Any CPU
		{0367D203-6A44-4C0C-BF3A-093A52DBC4FC}.Release|Any CPU.Build.0 = Release|Any CPU
	EndGlobalSection
	GlobalSection(SolutionProperties) = preSolution
		HideSolutionNode = FALSE
	EndGlobalSection
	GlobalSection(ExtensibilityGlobals) = postSolution
		SolutionGuid = {F9F3FA82-75AE-4E7B-B036-7D5F5C16E13B}
	EndGlobalSection
EndGlobal
